{
  "name": "@unminify/cli",
  "version": "0.0.1",
  "lockfileVersion": 2,
  "requires": true,
  "packages": {
    "": {
      "name": "@unminify/cli",
      "version": "0.0.1",
      "license": "Unlicense",
      "dependencies": {
        "@unminify/core": "^0.0.1",
        "nbb": "0.0.109"
      },
      "bin": {
        "unminify": "index.mjs"
      }
    },
    "../core": {
      "name": "@unminify/core",
      "version": "0.0.1",
      "extraneous": true,
      "license": "Unlicense",
      "dependencies": {
        "source-map": "^0.7.3",
        "stacktrace-parser": "^0.1.10"
      }
    },
    "node_modules/@unminify/core": {
      "version": "0.0.1",
      "resolved": "https://registry.npmjs.org/@unminify/core/-/core-0.0.1.tgz",
      "integrity": "sha512-wG2qoAb/A5DA+RECUMN3QeP4OgbCG6z2ImVhz6krb0v4vG/eI+oHlSIJZAGDtnLm3gLH5wY8UZ9LXxgreIVWiw==",
      "dependencies": {
        "source-map": "^0.7.3",
        "stacktrace-parser": "^0.1.10"
      }
    },
    "node_modules/nbb": {
      "version": "0.0.109",
      "resolved": "https://registry.npmjs.org/nbb/-/nbb-0.0.109.tgz",
      "integrity": "sha512-TO55xXLX4cte6DMwvdyTJEi+N874A4x79ttwANKg57QJZulfcpnKTZPRCfjbOJMqwn/OEpLxffaXZ5CRvNc1Wg==",
      "bin": {
        "nbb": "out/nbb_main.js"
      }
    },
    "node_modules/source-map": {
      "version": "0.7.3",
      "resolved": "https://registry.npmjs.org/source-map/-/source-map-0.7.3.tgz",
      "integrity": "sha512-CkCj6giN3S+n9qrYiBTX5gystlENnRW5jZeNLHpe6aue+SrHcG5VYwujhW9s4dY31mEGsxBDrHR6oI69fTXsaQ==",
      "engines": {
        "node": ">= 8"
      }
    },
    "node_modules/stacktrace-parser": {
      "version": "0.1.10",
      "resolved": "https://registry.npmjs.org/stacktrace-parser/-/stacktrace-parser-0.1.10.tgz",
      "integrity": "sha512-KJP1OCML99+8fhOHxwwzyWrlUuVX5GQ0ZpJTd1DFXhdkrvg1szxfHhawXUZ3g9TkXORQd4/WG68jMlQZ2p8wlg==",
      "dependencies": {
        "type-fest": "^0.7.1"
      },
      "engines": {
        "node": ">=6"
      }
    },
    "node_modules/type-fest": {
      "version": "0.7.1",
      "resolved": "https://registry.npmjs.org/type-fest/-/type-fest-0.7.1.tgz",
      "integrity": "sha512-Ne2YiiGN8bmrmJJEuTWTLJR32nh/JdL1+PSicowtNb0WFpn59GK8/lfD61bVtzguz7b3PBt74nxpv/Pw5po5Rg==",
      "engines": {
        "node": ">=8"
      }
    }
  },
  "dependencies": {
    "@unminify/core": {
      "version": "0.0.1",
      "resolved": "https://registry.npmjs.org/@unminify/core/-/core-0.0.1.tgz",
      "integrity": "sha512-wG2qoAb/A5DA+RECUMN3QeP4OgbCG6z2ImVhz6krb0v4vG/eI+oHlSIJZAGDtnLm3gLH5wY8UZ9LXxgreIVWiw==",
      "requires": {
        "source-map": "^0.7.3",
        "stacktrace-parser": "^0.1.10"
      }
    },
    "nbb": {
      "version": "0.0.109",
      "resolved": "https://registry.npmjs.org/nbb/-/nbb-0.0.109.tgz",
      "integrity": "sha512-TO55xXLX4cte6DMwvdyTJEi+N874A4x79ttwANKg57QJZulfcpnKTZPRCfjbOJMqwn/OEpLxffaXZ5CRvNc1Wg=="
    },
    "source-map": {
      "version": "0.7.3",
      "resolved": "https://registry.npmjs.org/source-map/-/source-map-0.7.3.tgz",
      "integrity": "sha512-CkCj6giN3S+n9qrYiBTX5gystlENnRW5jZeNLHpe6aue+SrHcG5VYwujhW9s4dY31mEGsxBDrHR6oI69fTXsaQ=="
    },
    "stacktrace-parser": {
      "version": "0.1.10",
      "resolved": "https://registry.npmjs.org/stacktrace-parser/-/stacktrace-parser-0.1.10.tgz",
      "integrity": "sha512-KJP1OCML99+8fhOHxwwzyWrlUuVX5GQ0ZpJTd1DFXhdkrvg1szxfHhawXUZ3g9TkXORQd4/WG68jMlQZ2p8wlg==",
      "requires": {
        "type-fest": "^0.7.1"
      }
    },
    "type-fest": {
      "version": "0.7.1",
      "resolved": "https://registry.npmjs.org/type-fest/-/type-fest-0.7.1.tgz",
      "integrity": "sha512-Ne2YiiGN8bmrmJJEuTWTLJR32nh/JdL1+PSicowtNb0WFpn59GK8/lfD61bVtzguz7b3PBt74nxpv/Pw5po5Rg=="
    }
  }
}
